// !$*UTF8*$!
{
	archiveVersion = 1;
	classes = {
	};
	objectVersion = 77;
	objects = {

/* Begin PBXBuildFile section */
		213D6B792DCA55CE00B17243 /* NMapsMap in Frameworks */ = {isa = PBXBuildFile; productRef = 213D6B782DCA55CE00B17243 /* NMapsMap */; };
		21405C152E99265900C94754 /* AdFitSDK in Frameworks */ = {isa = PBXBuildFile; productRef = 21405C142E99265900C94754 /* AdFitSDK */; };
		2179235D2ECC4C7C005B8122 /* AmplitudeUnified in Frameworks */ = {isa = PBXBuildFile; productRef = 2179235C2ECC4C7C005B8122 /* AmplitudeUnified */; };
		2196C7DF2E421CD8002CFDAF /* FirebaseMessaging in Frameworks */ = {isa = PBXBuildFile; productRef = 2196C7DE2E421CD8002CFDAF /* FirebaseMessaging */; };
		219841772DDC18CD00919B81 /* KakaoSDKAuth in Frameworks */ = {isa = PBXBuildFile; productRef = 219841762DDC18CD00919B81 /* KakaoSDKAuth */; };
		219841792DDC18CD00919B81 /* KakaoSDKCommon in Frameworks */ = {isa = PBXBuildFile; productRef = 219841782DDC18CD00919B81 /* KakaoSDKCommon */; };
		2198417B2DDC18CD00919B81 /* KakaoSDKUser in Frameworks */ = {isa = PBXBuildFile; productRef = 2198417A2DDC18CD00919B81 /* KakaoSDKUser */; };
		21B1579E2F9A175A005DB0C6 /* PRD.md in Resources */ = {isa = PBXBuildFile; fileRef = 21B1579B2F9A175A005DB0C6 /* PRD.md */; };
		21B1579F2F9A175A005DB0C6 /* UI_GUIDE.md in Resources */ = {isa = PBXBuildFile; fileRef = 21B1579C2F9A175A005DB0C6 /* UI_GUIDE.md */; };
		21B157A02F9A175A005DB0C6 /* ARCHITECTURE.md in Resources */ = {isa = PBXBuildFile; fileRef = 21B1579A2F9A175A005DB0C6 /* ARCHITECTURE.md */; };
		21B157A12F9A175A005DB0C6 /* ADR.md in Resources */ = {isa = PBXBuildFile; fileRef = 21B157992F9A175A005DB0C6 /* ADR.md */; };
		21D268922F63C19A00942051 /* CLAUDE.md in Resources */ = {isa = PBXBuildFile; fileRef = 21D2688D2F63C19A00942051 /* CLAUDE.md */; };
		21D268942F63C1A800942051 /* README.md in Resources */ = {isa = PBXBuildFile; fileRef = 21D268932F63C1A800942051 /* README.md */; };
		21DA2D492F95052B00A5A97C /* improvements.md in Resources */ = {isa = PBXBuildFile; fileRef = 21DA2D482F95052B00A5A97C /* improvements.md */; };
		21E5E48B2F94EF500018A0F2 /* dependency-injection.md in Resources */ = {isa = PBXBuildFile; fileRef = 21E5E4842F94EF500018A0F2 /* dependency-injection.md */; };
		21E5E48C2F94EF500018A0F2 /* state-management.md in Resources */ = {isa = PBXBuildFile; fileRef = 21E5E4872F94EF500018A0F2 /* state-management.md */; };
		21E5E48D2F94EF500018A0F2 /* view-viewmodel.md in Resources */ = {isa = PBXBuildFile; fileRef = 21E5E4882F94EF500018A0F2 /* view-viewmodel.md */; };
		21E5E48E2F94EF500018A0F2 /* design-system.md in Resources */ = {isa = PBXBuildFile; fileRef = 21E5E4852F94EF500018A0F2 /* design-system.md */; };
		21E5E48F2F94EF500018A0F2 /* networking.md in Resources */ = {isa = PBXBuildFile; fileRef = 21E5E4862F94EF500018A0F2 /* networking.md */; };
		21E5E4902F94EF500018A0F2 /* data-layer.md in Resources */ = {isa = PBXBuildFile; fileRef = 21E5E4832F94EF500018A0F2 /* data-layer.md */; };
		21F0CAE22DBE427E004F03F4 /* Lottie in Frameworks */ = {isa = PBXBuildFile; productRef = 21F0CAE12DBE427E004F03F4 /* Lottie */; };
/* End PBXBuildFile section */

/* Begin PBXContainerItemProxy section */
		21DA2D542F9508EE00A5A97C /* PBXContainerItemProxy */ = {
			isa = PBXContainerItemProxy;
			containerPortal = 219F72252D89ABEB00C04738 /* Project object */;
			proxyType = 1;
			remoteGlobalIDString = 219F722C2D89ABEB00C04738;
			remoteInfo = saerok;
		};
/* End PBXContainerItemProxy section */

/* Begin PBXFileReference section */
		219F722D2D89ABEB00C04738 /* saerok.app */ = {isa = PBXFileReference; explicitFileType = wrapper.application; includeInIndex = 0; path = saerok.app; sourceTree = BUILT_PRODUCTS_DIR; };
		21B157992F9A175A005DB0C6 /* ADR.md */ = {isa = PBXFileReference; lastKnownFileType = net.daringfireball.markdown; path = ADR.md; sourceTree = "<group>"; };
		21B1579A2F9A175A005DB0C6 /* ARCHITECTURE.md */ = {isa = PBXFileReference; lastKnownFileType = net.daringfireball.markdown; path = ARCHITECTURE.md; sourceTree = "<group>"; };
		21B1579B2F9A175A005DB0C6 /* PRD.md */ = {isa = PBXFileReference; lastKnownFileType = net.daringfireball.markdown; path = PRD.md; sourceTree = "<group>"; };
		21B1579C2F9A175A005DB0C6 /* UI_GUIDE.md */ = {isa = PBXFileReference; lastKnownFileType = net.daringfireball.markdown; path = UI_GUIDE.md; sourceTree = "<group>"; };
		21D2688D2F63C19A00942051 /* CLAUDE.md */ = {isa = PBXFileReference; lastKnownFileType = net.daringfireball.markdown; path = CLAUDE.md; sourceTree = "<group>"; };
		21D268932F63C1A800942051 /* README.md */ = {isa = PBXFileReference; lastKnownFileType = net.daringfireball.markdown; path = README.md; sourceTree = "<group>"; };
		21DA2D482F95052B00A5A97C /* improvements.md */ = {isa = PBXFileReference; lastKnownFileType = net.daringfireball.markdown; path = improvements.md; sourceTree = "<group>"; };
		21DA2D502F9508EE00A5A97C /* saerokTests.xctest */ = {isa = PBXFileReference; explicitFileType = wrapper.cfbundle; includeInIndex = 0; path = saerokTests.xctest; sourceTree = BUILT_PRODUCTS_DIR; };
		21E5E4832F94EF500018A0F2 /* data-layer.md */ = {isa = PBXFileReference; lastKnownFileType = net.daringfireball.markdown; path = "data-layer.md"; sourceTree = "<group>"; };
		21E5E4842F94EF500018A0F2 /* dependency-injection.md */ = {isa = PBXFileReference; lastKnownFileType = net.daringfireball.markdown; path = "dependency-injection.md"; sourceTree = "<group>"; };
		21E5E4852F94EF500018A0F2 /* design-system.md */ = {isa = PBXFileReference; lastKnownFileType = net.daringfireball.markdown; path = "design-system.md"; sourceTree = "<group>"; };
		21E5E4862F94EF500018A0F2 /* networking.md */ = {isa = PBXFileReference; lastKnownFileType = net.daringfireball.markdown; path = networking.md; sourceTree = "<group>"; };
		21E5E4872F94EF500018A0F2 /* state-management.md */ = {isa = PBXFileReference; lastKnownFileType = net.daringfireball.markdown; path = "state-management.md"; sourceTree = "<group>"; };
		21E5E4882F94EF500018A0F2 /* view-viewmodel.md */ = {isa = PBXFileReference; lastKnownFileType = net.daringfireball.markdown; path = "view-viewmodel.md"; sourceTree = "<group>"; };
/* End PBXFileReference section */

/* Begin PBXFileSystemSynchronizedBuildFileExceptionSet section */
		21D0D2332D9E1F6D00A7F26E /* Exceptions for "saerok" folder in "saerok" target */ = {
			isa = PBXFileSystemSynchronizedBuildFileExceptionSet;
			membershipExceptions = (
				Info.plist,
			);
			target = 219F722C2D89ABEB00C04738 /* saerok */;
		};
/* End PBXFileSystemSynchronizedBuildFileExceptionSet section */

/* Begin PBXFileSystemSynchronizedRootGroup section */
		219F722F2D89ABEB00C04738 /* saerok */ = {
			isa = PBXFileSystemSynchronizedRootGroup;
			exceptions = (
				21D0D2332D9E1F6D00A7F26E /* Exceptions for "saerok" folder in "saerok" target */,
			);
			path = saerok;
			sourceTree = "<group>";
		};
/* End PBXFileSystemSynchronizedRootGroup section */

/* Begin PBXFrameworksBuildPhase section */
		219F722A2D89ABEB00C04738 /* Frameworks */ = {
			isa = PBXFrameworksBuildPhase;
			buildActionMask = 2147483647;
			files = (
				219841792DDC18CD00919B81 /* KakaoSDKCommon in Frameworks */,
				2179235D2ECC4C7C005B8122 /* AmplitudeUnified in Frameworks */,
				21405C152E99265900C94754 /* AdFitSDK in Frameworks */,
				2196C7DF2E421CD8002CFDAF /* FirebaseMessaging in Frameworks */,
				21F0CAE22DBE427E004F03F4 /* Lottie in Frameworks */,
				213D6B792DCA55CE00B17243 /* NMapsMap in Frameworks */,
				2198417B2DDC18CD00919B81 /* KakaoSDKUser in Frameworks */,
				219841772DDC18CD00919B81 /* KakaoSDKAuth in Frameworks */,
			);
			runOnlyForDeploymentPostprocessing = 0;
		};
		21DA2D4D2F9508EE00A5A97C /* Frameworks */ = {
			isa = PBXFrameworksBuildPhase;
			buildActionMask = 2147483647;
			files = (
			);
			runOnlyForDeploymentPostprocessing = 0;
		};
/* End PBXFrameworksBuildPhase section */

/* Begin PBXGroup section */
		219F72242D89ABEB00C04738 = {
			isa = PBXGroup;
			children = (
				21E5E48A2F94EF500018A0F2 /* .claude */,
				219F722F2D89ABEB00C04738 /* saerok */,
				219F722E2D89ABEB00C04738 /* Products */,
				21D2688D2F63C19A00942051 /* CLAUDE.md */,
				21B1579D2F9A175A005DB0C6 /* docs */,
				21D268932F63C1A800942051 /* README.md */,
			);
			sourceTree = "<group>";
		};
		219F722E2D89ABEB00C04738 /* Products */ = {
			isa = PBXGroup;
			children = (
				219F722D2D89ABEB00C04738 /* saerok.app */,
				21DA2D502F9508EE00A5A97C /* saerokTests.xctest */,
			);
			name = Products;
			sourceTree = "<group>";
		};
		21B1579D2F9A175A005DB0C6 /* docs */ = {
			isa = PBXGroup;
			children = (
				21B157992F9A175A005DB0C6 /* ADR.md */,
				21B1579A2F9A175A005DB0C6 /* ARCHITECTURE.md */,
				21B1579B2F9A175A005DB0C6 /* PRD.md */,
				21B1579C2F9A175A005DB0C6 /* UI_GUIDE.md */,
			);
			path = docs;
			sourceTree = "<group>";
		};
		21E5E4892F94EF500018A0F2 /* docs */ = {
			isa = PBXGroup;
			children = (
				21E5E4832F94EF500018A0F2 /* data-layer.md */,
				21E5E4842F94EF500018A0F2 /* dependency-injection.md */,
				21E5E4852F94EF500018A0F2 /* design-system.md */,
				21E5E4862F94EF500018A0F2 /* networking.md */,
				21E5E4872F94EF500018A0F2 /* state-management.md */,
				21E5E4882F94EF500018A0F2 /* view-viewmodel.md */,
				21DA2D482F95052B00A5A97C /* improvements.md */,
			);
			path = docs;
			sourceTree = "<group>";
		};
		21E5E48A2F94EF500018A0F2 /* .claude */ = {
			isa = PBXGroup;
			children = (
				21E5E4892F94EF500018A0F2 /* docs */,
			);
			path = .claude;
			sourceTree = "<group>";
		};
/* End PBXGroup section */

/* Begin PBXNativeTarget section */
		219F722C2D89ABEB00C04738 /* saerok */ = {
			isa = PBXNativeTarget;
			buildConfigurationList = 219F723D2D89ABEC00C04738 /* Build configuration list for PBXNativeTarget "saerok" */;
			buildPhases = (
				219F72292D89ABEB00C04738 /* Sources */,
				219F722A2D89ABEB00C04738 /* Frameworks */,
				219F722B2D89ABEB00C04738 /* Resources */,
			);
			buildRules = (
			);
			dependencies = (
			);
			fileSystemSynchronizedGroups = (
				219F722F2D89ABEB00C04738 /* saerok */,
			);
			name = saerok;
			packageProductDependencies = (
				21F0CAE12DBE427E004F03F4 /* Lottie */,
				213D6B782DCA55CE00B17243 /* NMapsMap */,
				219841762DDC18CD00919B81 /* KakaoSDKAuth */,
				219841782DDC18CD00919B81 /* KakaoSDKCommon */,
				2198417A2DDC18CD00919B81 /* KakaoSDKUser */,
				2196C7DE2E421CD8002CFDAF /* FirebaseMessaging */,
				21405C142E99265900C94754 /* AdFitSDK */,
				2179235C2ECC4C7C005B8122 /* AmplitudeUnified */,
			);
			productName = saerok;
			productReference = 219F722D2D89ABEB00C04738 /* saerok.app */;
			productType = "com.apple.product-type.application";
		};
		21DA2D4F2F9508EE00A5A97C /* saerokTests */ = {
			isa = PBXNativeTarget;
			buildConfigurationList = 21DA2D562F9508EE00A5A97C /* Build configuration list for PBXNativeTarget "saerokTests" */;
			buildPhases = (
				21DA2D4C2F9508EE00A5A97C /* Sources */,
				21DA2D4D2F9508EE00A5A97C /* Frameworks */,
				21DA2D4E2F9508EE00A5A97C /* Resources */,
			);
			buildRules = (
			);
			dependencies = (
				21DA2D552F9508EE00A5A97C /* PBXTargetDependency */,
			);
			name = saerokTests;
			packageProductDependencies = (
			);
			productName = saerokTests;
			productReference = 21DA2D502F9508EE00A5A97C /* saerokTests.xctest */;
			productType = "com.apple.product-type.bundle.unit-test";
		};
/* End PBXNativeTarget section */

/* Begin PBXProject section */
		219F72252D89ABEB00C04738 /* Project object */ = {
			isa = PBXProject;
			attributes = {
				BuildIndependentTargetsInParallel = 1;
				LastSwiftUpdateCheck = 2640;
				LastUpgradeCheck = 1600;
				TargetAttributes = {
					219F722C2D89ABEB00C04738 = {
						CreatedOnToolsVersion = 16.0;
					};
					21DA2D4F2F9508EE00A5A97C = {
						CreatedOnToolsVersion = 26.4.1;
						TestTargetID = 219F722C2D89ABEB00C04738;
					};
				};
			};
			buildConfigurationList = 219F72282D89ABEB00C04738 /* Build configuration list for PBXProject "saerok" */;
			developmentRegion = ko;
			hasScannedForEncodings = 0;
			knownRegions = (
				ko,
				Base,
			);
			mainGroup = 219F72242D89ABEB00C04738;
			minimizedProjectReferenceProxies = 1;
			packageReferences = (
				21F0CAE02DBE427E004F03F4 /* XCRemoteSwiftPackageReference "lottie-ios" */,
				213D6B772DCA55CE00B17243 /* XCRemoteSwiftPackageReference "SPM-NMapsMap" */,
				219841752DDC18CD00919B81 /* XCRemoteSwiftPackageReference "kakao-ios-sdk" */,
				2196C7DD2E421CD8002CFDAF /* XCRemoteSwiftPackageReference "firebase-ios-sdk" */,
				21405C132E99265900C94754 /* XCRemoteSwiftPackageReference "adfit-spm" */,
				2179235B2ECC4C7C005B8122 /* XCRemoteSwiftPackageReference "AmplitudeUnified-Swift" */,
			);
			preferredProjectObjectVersion = 77;
			productRefGroup = 219F722E2D89ABEB00C04738 /* Products */;
			projectDirPath = "";
			projectRoot = "";
			targets = (
				219F722C2D89ABEB00C04738 /* saerok */,
				21DA2D4F2F9508EE00A5A97C /* saerokTests */,
			);
		};
/* End PBXProject section */

/* Begin PBXResourcesBuildPhase section */
		219F722B2D89ABEB00C04738 /* Resources */ = {
			isa = PBXResourcesBuildPhase;
			buildActionMask = 2147483647;
			files = (
				21E5E48B2F94EF500018A0F2 /* dependency-injection.md in Resources */,
				21E5E48C2F94EF500018A0F2 /* state-management.md in Resources */,
				21E5E48D2F94EF500018A0F2 /* view-viewmodel.md in Resources */,
				21E5E48E2F94EF500018A0F2 /* design-system.md in Resources */,
				21DA2D492F95052B00A5A97C /* improvements.md in Resources */,
				21B1579E2F9A175A005DB0C6 /* PRD.md in Resources */,
				21B1579F2F9A175A005DB0C6 /* UI_GUIDE.md in Resources */,
				21B157A02F9A175A005DB0C6 /* ARCHITECTURE.md in Resources */,
				21B157A12F9A175A005DB0C6 /* ADR.md in Resources */,
				21E5E48F2F94EF500018A0F2 /* networking.md in Resources */,
				21E5E4902F94EF500018A0F2 /* data-layer.md in Resources */,
				21D268922F63C19A00942051 /* CLAUDE.md in Resources */,
				21D268942F63C1A800942051 /* README.md in Resources */,
			);
			runOnlyForDeploymentPostprocessing = 0;
		};
		21DA2D4E2F9508EE00A5A97C /* Resources */ = {
			isa = PBXResourcesBuildPhase;
			buildActionMask = 2147483647;
			files = (
			);
			runOnlyForDeploymentPostprocessing = 0;
		};
/* End PBXResourcesBuildPhase section */

/* Begin PBXSourcesBuildPhase section */
		219F72292D89ABEB00C04738 /* Sources */ = {
			isa = PBXSourcesBuildPhase;
			buildActionMask = 2147483647;
			files = (
			);
			runOnlyForDeploymentPostprocessing = 0;
		};
		21DA2D4C2F9508EE00A5A97C /* Sources */ = {
			isa = PBXSourcesBuildPhase;
			buildActionMask = 2147483647;
			files = (
			);
			runOnlyForDeploymentPostprocessing = 0;
		};
/* End PBXSourcesBuildPhase section */

/* Begin PBXTargetDependency section */
		21DA2D552F9508EE00A5A97C /* PBXTargetDependency */ = {
			isa = PBXTargetDependency;
			target = 219F722C2D89ABEB00C04738 /* saerok */;
			targetProxy = 21DA2D542F9508EE00A5A97C /* PBXContainerItemProxy */;
		};
/* End PBXTargetDependency section */

/* Begin XCBuildConfiguration section */
		215783062F4E334C000972D9 /* Release */ = {
			isa = XCBuildConfiguration;
			baseConfigurationReferenceAnchor = 219F722F2D89ABEB00C04738 /* saerok */;
			baseConfigurationReferenceRelativePath = Config/Release.xcconfig;
			buildSettings = {
				ALWAYS_SEARCH_USER_PATHS = NO;
				ASSETCATALOG_COMPILER_GENERATE_SWIFT_ASSET_SYMBOL_EXTENSIONS = YES;
				CLANG_ANALYZER_NONNULL = YES;
				CLANG_ANALYZER_NUMBER_OBJECT_CONVERSION = YES_AGGRESSIVE;
				CLANG_CXX_LANGUAGE_STANDARD = "gnu++20";
				CLANG_ENABLE_MODULES = YES;
				CLANG_ENABLE_OBJC_ARC = YES;
				CLANG_ENABLE_OBJC_WEAK = YES;
				CLANG_WARN_BLOCK_CAPTURE_AUTORELEASING = YES;
				CLANG_WARN_BOOL_CONVERSION = YES;
				CLANG_WARN_COMMA = YES;
				CLANG_WARN_CONSTANT_CONVERSION = YES;
				CLANG_WARN_DEPRECATED_OBJC_IMPLEMENTATIONS = YES;
				CLANG_WARN_DIRECT_OBJC_ISA_USAGE = YES_ERROR;
				CLANG_WARN_DOCUMENTATION_COMMENTS = YES;
				CLANG_WARN_EMPTY_BODY = YES;
				CLANG_WARN_ENUM_CONVERSION = YES;
				CLANG_WARN_INFINITE_RECURSION = YES;
				CLANG_WARN_INT_CONVERSION = YES;
				CLANG_WARN_NON_LITERAL_NULL_CONVERSION = YES;
				CLANG_WARN_OBJC_IMPLICIT_RETAIN_SELF = YES;
				CLANG_WARN_OBJC_LITERAL_CONVERSION = YES;
				CLANG_WARN_OBJC_ROOT_CLASS = YES_ERROR;
				CLANG_WARN_QUOTED_INCLUDE_IN_FRAMEWORK_HEADER = YES;
				CLANG_WARN_RANGE_LOOP_ANALYSIS = YES;
				CLANG_WARN_STRICT_PROTOTYPES = YES;
				CLANG_WARN_SUSPICIOUS_MOVE = YES;
				CLANG_WARN_UNGUARDED_AVAILABILITY = YES_AGGRESSIVE;
				CLANG_WARN_UNREACHABLE_CODE = YES;
				CLANG_WARN__DUPLICATE_METHOD_MATCH = YES;
				COPY_PHASE_STRIP = NO;
				DEBUG_INFORMATION_FORMAT = dwarf;
				ENABLE_STRICT_OBJC_MSGSEND = YES;
				ENABLE_TESTABILITY = YES;
				ENABLE_USER_SCRIPT_SANDBOXING = YES;
				GCC_C_LANGUAGE_STANDARD = gnu17;
				GCC_DYNAMIC_NO_PIC = NO;
				GCC_NO_COMMON_BLOCKS = YES;
				GCC_OPTIMIZATION_LEVEL = 0;
				GCC_PREPROCESSOR_DEFINITIONS = (
					"DEBUG=1",
					"$(inherited)",
				);
				GCC_WARN_64_TO_32_BIT_CONVERSION = YES;
				GCC_WARN_ABOUT_RETURN_TYPE = YES_ERROR;
				GCC_WARN_UNDECLARED_SELECTOR = YES;
				GCC_WARN_UNINITIALIZED_AUTOS = YES_AGGRESSIVE;
				GCC_WARN_UNUSED_FUNCTION = YES;
				GCC_WARN_UNUSED_VARIABLE = YES;
				IPHONEOS_DEPLOYMENT_TARGET = 18.0;
				KAKAO_ADFIT_KEY = "$(SECRET_KAKAO_ADFIT_KEY)";
				KAKAO_API_KEY = "$(SECRET_KAKAO_API_KEY)";
				KAKAO_APP_KEY = "";
				KAKAO_NATIVE_APP_KEY = "$(SECRET_KAKAO_NATIVE_APP_KEY)";
				LOCALIZATION_PREFERS_STRING_CATALOGS = YES;
				MTL_ENABLE_DEBUG_INFO = INCLUDE_SOURCE;
				MTL_FAST_MATH = YES;
				NAVER_MAP_API_KEY = "$(SECRET_NAVER_MAP_API_KEY)";
				ONLY_ACTIVE_ARCH = YES;
				SDKROOT = iphoneos;
				SWIFT_ACTIVE_COMPILATION_CONDITIONS = "DEBUG $(inherited)";
				SWIFT_OPTIMIZATION_LEVEL = "-Onone";
				SWIFT_STRICT_CONCURRENCY = minimal;
				SWIFT_VERSION = 5.0;
			};
			name = Release;
		};
		215783072F4E334C000972D9 /* Release */ = {
			isa = XCBuildConfiguration;
			buildSettings = {
				ASSETCATALOG_COMPILER_APPICON_NAME = AppIcon;
				ASSETCATALOG_COMPILER_GLOBAL_ACCENT_COLOR_NAME = AccentColor;
				CODE_SIGN_ENTITLEMENTS = saerok/saerok.entitlements;
				CODE_SIGN_STYLE = Automatic;
				CURRENT_PROJECT_VERSION = 1;
				DEVELOPMENT_ASSET_PATHS = "";
				DEVELOPMENT_TEAM = B6AJR944A6;
				ENABLE_PREVIEWS = YES;
				GENERATE_INFOPLIST_FILE = YES;
				INFOPLIST_FILE = saerok/Info.plist;
				INFOPLIST_KEY_CFBundleDisplayName = "새록";
				INFOPLIST_KEY_LSApplicationCategoryType = "public.app-category.social-networking";
				INFOPLIST_KEY_NSLocationAlwaysAndWhenInUseUsageDescription = "탐조 기록의 위치 등록 및 사용자 주변의 탐조 기록을 지도에 표시하기 위해 위치 정보가 필요합니다.";
				INFOPLIST_KEY_NSLocationAlwaysUsageDescription = "탐조 기록의 위치 등록 및 사용자 주변의 탐조 기록을 지도에 표시하기 위해 위치 정보가 필요합니다.";
				INFOPLIST_KEY_NSLocationUsageDescription = "탐조 기록의 위치 등록 및 사용자 주변의 탐조 기록을 지도에 표시하기 위해 위치 정보가 필요합니다.";
				INFOPLIST_KEY_NSLocationWhenInUseUsageDescription = "탐조 기록의 위치 등록 및 사용자 주변의 탐조 기록을 지도에 표시하기 위해 위치 정보가 필요합니다.";
				INFOPLIST_KEY_NSPhotoLibraryAddUsageDescription = "관찰한 새 사진을 앨범에 저장하여 나중에 다시 볼 수 있도록 하기 위해 사진 앱에 이미지를 저장합니다.";
				INFOPLIST_KEY_NSPhotoLibraryUsageDescription = "관찰한 새의 사진을 앱에 등록하기 위해 사용자의 사진 라이브러리에서 이미지를 선택할 수 있도록 합니다.";
				INFOPLIST_KEY_UIApplicationSceneManifest_Generation = YES;
				INFOPLIST_KEY_UIApplicationSupportsIndirectInputEvents = YES;
				INFOPLIST_KEY_UILaunchScreen_Generation = YES;
				INFOPLIST_KEY_UISupportedInterfaceOrientations = UIInterfaceOrientationPortrait;
				INFOPLIST_KEY_UIUserInterfaceStyle = Light;
				IPHONEOS_DEPLOYMENT_TARGET = 17.6;
				KAKAO_ADFIT_KEY = "$(SECRET_KAKAO_ADFIT_KEY)";
				KAKAO_API_KEY = "$(SECRET_KAKAO_API_KEY)";
				LD_RUNPATH_SEARCH_PATHS = (
					"$(inherited)",
					"@executable_path/Frameworks",
				);
				MARKETING_VERSION = 2.2.0;
				PRODUCT_BUNDLE_IDENTIFIER = com.apu.saerok;
				PRODUCT_NAME = "$(TARGET_NAME)";
				SUPPORTED_PLATFORMS = "iphoneos iphonesimulator";
				SUPPORTS_MACCATALYST = NO;
				SUPPORTS_MAC_DESIGNED_FOR_IPHONE_IPAD = NO;
				SUPPORTS_XR_DESIGNED_FOR_IPHONE_IPAD = NO;
				SWIFT_ACTIVE_COMPILATION_CONDITIONS = RELEASE;
				SWIFT_DISABLE_SAFETY_CHECKS = NO;
				SWIFT_EMIT_LOC_STRINGS = YES;
				SWIFT_UPCOMING_FEATURE_FORWARD_TRAILING_CLOSURES = NO;
				SWIFT_UPCOMING_FEATURE_GLOBAL_ACTOR_ISOLATED_TYPES_USABILITY = NO;
				SWIFT_VERSION = 5.0;
				TARGETED_DEVICE_FAMILY = 1;
			};
			name = Release;
		};
		219F723B2D89ABEC00C04738 /* Debug */ = {
			isa = XCBuildConfiguration;
			baseConfigurationReferenceAnchor = 219F722F2D89ABEB00C04738 /* saerok */;
			baseConfigurationReferenceRelativePath = Config/Debug.xcconfig;
			buildSettings = {
				ALWAYS_SEARCH_USER_PATHS = NO;
				ASSETCATALOG_COMPILER_GENERATE_SWIFT_ASSET_SYMBOL_EXTENSIONS = YES;
				CLANG_ANALYZER_NONNULL = YES;
				CLANG_ANALYZER_NUMBER_OBJECT_CONVERSION = YES_AGGRESSIVE;
				CLANG_CXX_LANGUAGE_STANDARD = "gnu++20";
				CLANG_ENABLE_MODULES = YES;
				CLANG_ENABLE_OBJC_ARC = YES;
				CLANG_ENABLE_OBJC_WEAK = YES;
				CLANG_WARN_BLOCK_CAPTURE_AUTORELEASING = YES;
				CLANG_WARN_BOOL_CONVERSION = YES;
				CLANG_WARN_COMMA = YES;
				CLANG_WARN_CONSTANT_CONVERSION = YES;
				CLANG_WARN_DEPRECATED_OBJC_IMPLEMENTATIONS = YES;
				CLANG_WARN_DIRECT_OBJC_ISA_USAGE = YES_ERROR;
				CLANG_WARN_DOCUMENTATION_COMMENTS = YES;
				CLANG_WARN_EMPTY_BODY = YES;
				CLANG_WARN_ENUM_CONVERSION = YES;
				CLANG_WARN_INFINITE_RECURSION = YES;
				CLANG_WARN_INT_CONVERSION = YES;
				CLANG_WARN_NON_LITERAL_NULL_CONVERSION = YES;
				CLANG_WARN_OBJC_IMPLICIT_RETAIN_SELF = YES;
				CLANG_WARN_OBJC_LITERAL_CONVERSION = YES;
				CLANG_WARN_OBJC_ROOT_CLASS = YES_ERROR;
				CLANG_WARN_QUOTED_INCLUDE_IN_FRAMEWORK_HEADER = YES;
				CLANG_WARN_RANGE_LOOP_ANALYSIS = YES;
				CLANG_WARN_STRICT_PROTOTYPES = YES;
				CLANG_WARN_SUSPICIOUS_MOVE = YES;
				CLANG_WARN_UNGUARDED_AVAILABILITY = YES_AGGRESSIVE;
				CLANG_WARN_UNREACHABLE_CODE = YES;
				CLANG_WARN__DUPLICATE_METHOD_MATCH = YES;
				COPY_PHASE_STRIP = NO;
				DEBUG_INFORMATION_FORMAT = dwarf;
				ENABLE_STRICT_OBJC_MSGSEND = YES;
				ENABLE_TESTABILITY = YES;
				ENABLE_USER_SCRIPT_SANDBOXING = YES;
				GCC_C_LANGUAGE_STANDARD = gnu17;
				GCC_DYNAMIC_NO_PIC = NO;
				GCC_NO_COMMON_BLOCKS = YES;
				GCC_OPTIMIZATION_LEVEL = 0;
				GCC_PREPROCESSOR_DEFINITIONS = (
					"DEBUG=1",
					"$(inherited)",
				);
				GCC_WARN_64_TO_32_BIT_CONVERSION = YES;
				GCC_WARN_ABOUT_RETURN_TYPE = YES_ERROR;
				GCC_WARN_UNDECLARED_SELECTOR = YES;
				GCC_WARN_UNINITIALIZED_AUTOS = YES_AGGRESSIVE;
				GCC_WARN_UNUSED_FUNCTION = YES;
				GCC_WARN_UNUSED_VARIABLE = YES;
				IPHONEOS_DEPLOYMENT_TARGET = 18.0;
				KAKAO_ADFIT_KEY = "$(SECRET_KAKAO_ADFIT_KEY)";
				KAKAO_API_KEY = "$(SECRET_KAKAO_API_KEY)";
				KAKAO_APP_KEY = "";
				KAKAO_NATIVE_APP_KEY = "$(SECRET_KAKAO_NATIVE_APP_KEY)";
				LOCALIZATION_PREFERS_STRING_CATALOGS = YES;
				MTL_ENABLE_DEBUG_INFO = INCLUDE_SOURCE;
				MTL_FAST_MATH = YES;
				NAVER_MAP_API_KEY = "$(SECRET_NAVER_MAP_API_KEY)";
				ONLY_ACTIVE_ARCH = YES;
				SDKROOT = iphoneos;
				SWIFT_ACTIVE_COMPILATION_CONDITIONS = "DEBUG $(inherited)";
				SWIFT_OPTIMIZATION_LEVEL = "-Onone";
				SWIFT_STRICT_CONCURRENCY = minimal;
				SWIFT_VERSION = 5.0;
			};
			name = Debug;
		};
		219F723E2D89ABEC00C04738 /* Debug */ = {
			isa = XCBuildConfiguration;
			buildSettings = {
				ASSETCATALOG_COMPILER_APPICON_NAME = AppIcon;
				ASSETCATALOG_COMPILER_GLOBAL_ACCENT_COLOR_NAME = AccentColor;
				CODE_SIGN_ENTITLEMENTS = saerok/saerok.entitlements;
				CODE_SIGN_STYLE = Automatic;
				CURRENT_PROJECT_VERSION = 1;
				DEVELOPMENT_ASSET_PATHS = "";
				DEVELOPMENT_TEAM = B6AJR944A6;
				ENABLE_PREVIEWS = YES;
				GENERATE_INFOPLIST_FILE = YES;
				INFOPLIST_FILE = saerok/Info.plist;
				INFOPLIST_KEY_CFBundleDisplayName = "새록";
				INFOPLIST_KEY_LSApplicationCategoryType = "public.app-category.social-networking";
				INFOPLIST_KEY_NSLocationAlwaysAndWhenInUseUsageDescription = "탐조 기록의 위치 등록 및 사용자 주변의 탐조 기록을 지도에 표시하기 위해 위치 정보가 필요합니다.";
				INFOPLIST_KEY_NSLocationAlwaysUsageDescription = "탐조 기록의 위치 등록 및 사용자 주변의 탐조 기록을 지도에 표시하기 위해 위치 정보가 필요합니다.";
				INFOPLIST_KEY_NSLocationUsageDescription = "탐조 기록의 위치 등록 및 사용자 주변의 탐조 기록을 지도에 표시하기 위해 위치 정보가 필요합니다.";
				INFOPLIST_KEY_NSLocationWhenInUseUsageDescription = "탐조 기록의 위치 등록 및 사용자 주변의 탐조 기록을 지도에 표시하기 위해 위치 정보가 필요합니다.";
				INFOPLIST_KEY_NSPhotoLibraryAddUsageDescription = "관찰한 새 사진을 앨범에 저장하여 나중에 다시 볼 수 있도록 하기 위해 사진 앱에 이미지를 저장합니다.";
				INFOPLIST_KEY_NSPhotoLibraryUsageDescription = "관찰한 새의 사진을 앱에 등록하기 위해 사용자의 사진 라이브러리에서 이미지를 선택할 수 있도록 합니다.";
				INFOPLIST_KEY_UIApplicationSceneManifest_Generation = YES;
				INFOPLIST_KEY_UIApplicationSupportsIndirectInputEvents = YES;
				INFOPLIST_KEY_UILaunchScreen_Generation = YES;
				INFOPLIST_KEY_UISupportedInterfaceOrientations = UIInterfaceOrientationPortrait;
				INFOPLIST_KEY_UIUserInterfaceStyle = Light;
				IPHONEOS_DEPLOYMENT_TARGET = 17.6;
				KAKAO_ADFIT_KEY = "$(SECRET_KAKAO_ADFIT_KEY)";
				KAKAO_API_KEY = "$(SECRET_KAKAO_API_KEY)";
				LD_RUNPATH_SEARCH_PATHS = (
					"$(inherited)",
					"@executable_path/Frameworks",
				);
				MARKETING_VERSION = 2.2.0;
				PRODUCT_BUNDLE_IDENTIFIER = com.apu.saerok;
				PRODUCT_NAME = "$(TARGET_NAME)";
				SUPPORTED_PLATFORMS = "iphoneos iphonesimulator";
				SUPPORTS_MACCATALYST = NO;
				SUPPORTS_MAC_DESIGNED_FOR_IPHONE_IPAD = NO;
				SUPPORTS_XR_DESIGNED_FOR_IPHONE_IPAD = NO;
				SWIFT_DISABLE_SAFETY_CHECKS = NO;
				SWIFT_EMIT_LOC_STRINGS = YES;
				SWIFT_UPCOMING_FEATURE_FORWARD_TRAILING_CLOSURES = NO;
				SWIFT_UPCOMING_FEATURE_GLOBAL_ACTOR_ISOLATED_TYPES_USABILITY = NO;
				SWIFT_VERSION = 5.0;
				TARGETED_DEVICE_FAMILY = 1;
			};
			name = Debug;
		};
		21DA2D572F9508EE00A5A97C /* Debug */ = {
			isa = XCBuildConfiguration;
			buildSettings = {
				BUNDLE_LOADER = "$(TEST_HOST)";
				CODE_SIGN_STYLE = Automatic;
				CURRENT_PROJECT_VERSION = 1;
				DEVELOPMENT_TEAM = B6AJR944A6;
				GENERATE_INFOPLIST_FILE = YES;
				IPHONEOS_DEPLOYMENT_TARGET = 26.4;
				MARKETING_VERSION = 1.0;
				PRODUCT_BUNDLE_IDENTIFIER = com.hazed.saerokTests;
				PRODUCT_NAME = "$(TARGET_NAME)";
				STRING_CATALOG_GENERATE_SYMBOLS = NO;
				SWIFT_APPROACHABLE_CONCURRENCY = YES;
				SWIFT_EMIT_LOC_STRINGS = NO;
				SWIFT_UPCOMING_FEATURE_MEMBER_IMPORT_VISIBILITY = YES;
				SWIFT_VERSION = 5.0;
				TARGETED_DEVICE_FAMILY = "1,2";
				TEST_HOST = "$(BUILT_PRODUCTS_DIR)/saerok.app/$(BUNDLE_EXECUTABLE_FOLDER_PATH)/saerok";
			};
			name = Debug;
		};
		21DA2D582F9508EE00A5A97C /* Release */ = {
			isa = XCBuildConfiguration;
			buildSettings = {
				BUNDLE_LOADER = "$(TEST_HOST)";
				CODE_SIGN_STYLE = Automatic;
				CURRENT_PROJECT_VERSION = 1;
				DEBUG_INFORMATION_FORMAT = "dwarf-with-dsym";
				DEVELOPMENT_TEAM = B6AJR944A6;
				ENABLE_NS_ASSERTIONS = NO;
				GENERATE_INFOPLIST_FILE = YES;
				IPHONEOS_DEPLOYMENT_TARGET = 26.4;
				MARKETING_VERSION = 1.0;
				MTL_ENABLE_DEBUG_INFO = NO;
				PRODUCT_BUNDLE_IDENTIFIER = com.hazed.saerokTests;
				PRODUCT_NAME = "$(TARGET_NAME)";
				STRING_CATALOG_GENERATE_SYMBOLS = NO;
				SWIFT_APPROACHABLE_CONCURRENCY = YES;
				SWIFT_COMPILATION_MODE = wholemodule;
				SWIFT_EMIT_LOC_STRINGS = NO;
				SWIFT_UPCOMING_FEATURE_MEMBER_IMPORT_VISIBILITY = YES;
				SWIFT_VERSION = 5.0;
				TARGETED_DEVICE_FAMILY = "1,2";
				TEST_HOST = "$(BUILT_PRODUCTS_DIR)/saerok.app/$(BUNDLE_EXECUTABLE_FOLDER_PATH)/saerok";
				VALIDATE_PRODUCT = YES;
			};
			name = Release;
		};
/* End XCBuildConfiguration section */

/* Begin XCConfigurationList section */
		219F72282D89ABEB00C04738 /* Build configuration list for PBXProject "saerok" */ = {
			isa = XCConfigurationList;
			buildConfigurations = (
				219F723B2D89ABEC00C04738 /* Debug */,
				215783062F4E334C000972D9 /* Release */,
			);
			defaultConfigurationIsVisible = 0;
			defaultConfigurationName = Debug;
		};
		219F723D2D89ABEC00C04738 /* Build configuration list for PBXNativeTarget "saerok" */ = {
			isa = XCConfigurationList;
			buildConfigurations = (
				219F723E2D89ABEC00C04738 /* Debug */,
				215783072F4E334C000972D9 /* Release */,
			);
			defaultConfigurationIsVisible = 0;
			defaultConfigurationName = Debug;
		};
		21DA2D562F9508EE00A5A97C /* Build configuration list for PBXNativeTarget "saerokTests" */ = {
			isa = XCConfigurationList;
			buildConfigurations = (
				21DA2D572F9508EE00A5A97C /* Debug */,
				21DA2D582F9508EE00A5A97C /* Release */,
			);
			defaultConfigurationIsVisible = 0;
			defaultConfigurationName = Debug;
		};
/* End XCConfigurationList section */

/* Begin XCRemoteSwiftPackageReference section */
		213D6B772DCA55CE00B17243 /* XCRemoteSwiftPackageReference "SPM-NMapsMap" */ = {
			isa = XCRemoteSwiftPackageReference;
			repositoryURL = "https://github.com/navermaps/SPM-NMapsMap";
			requirement = {
				kind = upToNextMajorVersion;
				minimumVersion = 3.21.0;
			};
		};
		21405C132E99265900C94754 /* XCRemoteSwiftPackageReference "adfit-spm" */ = {
			isa = XCRemoteSwiftPackageReference;
			repositoryURL = "https://github.com/adfit/adfit-spm.git";
			requirement = {
				kind = upToNextMajorVersion;
				minimumVersion = 3.19.9;
			};
		};
		2179235B2ECC4C7C005B8122 /* XCRemoteSwiftPackageReference "AmplitudeUnified-Swift" */ = {
			isa = XCRemoteSwiftPackageReference;
			repositoryURL = "https://github.com/amplitude/AmplitudeUnified-Swift";
			requirement = {
				branch = main;
				kind = branch;
			};
		};
		2196C7DD2E421CD8002CFDAF /* XCRemoteSwiftPackageReference "firebase-ios-sdk" */ = {
			isa = XCRemoteSwiftPackageReference;
			repositoryURL = "https://github.com/firebase/firebase-ios-sdk";
			requirement = {
				kind = upToNextMajorVersion;
				minimumVersion = 12.1.0;
			};
		};
		219841752DDC18CD00919B81 /* XCRemoteSwiftPackageReference "kakao-ios-sdk" */ = {
			isa = XCRemoteSwiftPackageReference;
			repositoryURL = "https://github.com/kakao/kakao-ios-sdk";
			requirement = {
				branch = master;
				kind = branch;
			};
		};
		21F0CAE02DBE427E004F03F4 /* XCRemoteSwiftPackageReference "lottie-ios" */ = {
			isa = XCRemoteSwiftPackageReference;
			repositoryURL = "https://github.com/airbnb/lottie-ios.git";
			requirement = {
				kind = upToNextMajorVersion;
				minimumVersion = 4.5.1;
			};
		};
/* End XCRemoteSwiftPackageReference section */

/* Begin XCSwiftPackageProductDependency section */
		213D6B782DCA55CE00B17243 /* NMapsMap */ = {
			isa = XCSwiftPackageProductDependency;
			package = 213D6B772DCA55CE00B17243 /* XCRemoteSwiftPackageReference "SPM-NMapsMap" */;
			productName = NMapsMap;
		};
		21405C142E99265900C94754 /* AdFitSDK */ = {
			isa = XCSwiftPackageProductDependency;
			package = 21405C132E99265900C94754 /* XCRemoteSwiftPackageReference "adfit-spm" */;
			productName = AdFitSDK;
		};
		2179235C2ECC4C7C005B8122 /* AmplitudeUnified */ = {
			isa = XCSwiftPackageProductDependency;
			package = 2179235B2ECC4C7C005B8122 /* XCRemoteSwiftPackageReference "AmplitudeUnified-Swift" */;
			productName = AmplitudeUnified;
		};
		2196C7DE2E421CD8002CFDAF /* FirebaseMessaging */ = {
			isa = XCSwiftPackageProductDependency;
			package = 2196C7DD2E421CD8002CFDAF /* XCRemoteSwiftPackageReference "firebase-ios-sdk" */;
			productName = FirebaseMessaging;
		};
		219841762DDC18CD00919B81 /* KakaoSDKAuth */ = {
			isa = XCSwiftPackageProductDependency;
			package = 219841752DDC18CD00919B81 /* XCRemoteSwiftPackageReference "kakao-ios-sdk" */;
			productName = KakaoSDKAuth;
		};
		219841782DDC18CD00919B81 /* KakaoSDKCommon */ = {
			isa = XCSwiftPackageProductDependency;
			package = 219841752DDC18CD00919B81 /* XCRemoteSwiftPackageReference "kakao-ios-sdk" */;
			productName = KakaoSDKCommon;
		};
		2198417A2DDC18CD00919B81 /* KakaoSDKUser */ = {
			isa = XCSwiftPackageProductDependency;
			package = 219841752DDC18CD00919B81 /* XCRemoteSwiftPackageReference "kakao-ios-sdk" */;
			productName = KakaoSDKUser;
		};
		21F0CAE12DBE427E004F03F4 /* Lottie */ = {
			isa = XCSwiftPackageProductDependency;
			package = 21F0CAE02DBE427E004F03F4 /* XCRemoteSwiftPackageReference "lottie-ios" */;
			productName = Lottie;
		};
/* End XCSwiftPackageProductDependency section */
	};
	rootObject = 219F72252D89ABEB00C04738 /* Project object */;
}
